
Microsoft Visual Studio Solution File, Format Version 12.00
# Visual Studio 15
VisualStudioVersion = 15.0.28307.329
MinimumVisualStudioVersion = 10.0.40219.1
Project("{FAE04EC0-301F-11D3-BF4B-00C04F79EFBC}") = "HandBook.Android", "HandBook\HandBook.Android\HandBook.Android.csproj", "{0444CFF9-0FDE-41F2-9ED6-3953D0740242}"
EndProject
Project("{FAE04EC0-301F-11D3-BF4B-00C04F79EFBC}") = "HandBook.iOS", "HandBook\HandBook.iOS\HandBook.iOS.csproj", "{AC132517-A127-455A-9A6C-F45B4085A588}"
EndProject
Project("{FAE04EC0-301F-11D3-BF4B-00C04F79EFBC}") = "HandBook", "HandBook\HandBook\HandBook.csproj", "{FA273545-8524-4098-9C50-4689EEF505BE}"
EndProject
Global
	GlobalSection(SolutionConfigurationPlatforms) = preSolution
		Ad-Hoc|Any CPU = Ad-Hoc|Any CPU
		Ad-Hoc|iPhone = Ad-Hoc|iPhone
		Ad-Hoc|iPhoneSimulator = Ad-Hoc|iPhoneSimulator
		AppStore|Any CPU = AppStore|Any CPU
		AppStore|iPhone = AppStore|iPhone
		AppStore|iPhoneSimulator = AppStore|iPhoneSimulator
		Debug|Any CPU = Debug|Any CPU
		Debug|iPhone = Debug|iPhone
		Debug|iPhoneSimulator = Debug|iPhoneSimulator
		Release|Any CPU = Release|Any CPU
		Release|iPhone = Release|iPhone
		Release|iPhoneSimulator = Release|iPhoneSimulator
	EndGlobalSection
	GlobalSection(ProjectConfigurationPlatforms) = postSolution
		{0444CFF9-0FDE-41F2-9ED6-3953D0740242}.Ad-Hoc|Any CPU.ActiveCfg = Release|Any CPU
		{0444CFF9-0FDE-41F2-9ED6-3953D0740242}.Ad-Hoc|Any CPU.Build.0 = Release|Any CPU
		{0444CFF9-0FDE-41F2-9ED6-3953D0740242}.Ad-Hoc|Any CPU.Deploy.0 = Release|Any CPU
		{0444CFF9-0FDE-41F2-9ED6-3953D0740242}.Ad-Hoc|iPhone.ActiveCfg = Release|Any CPU
		{0444CFF9-0FDE-41F2-9ED6-3953D0740242}.Ad-Hoc|iPhone.Build.0 = Release|Any CPU
		{0444CFF9-0FDE-41F2-9ED6-3953D0740242}.Ad-Hoc|iPhone.Deploy.0 = Release|Any CPU
		{0444CFF9-0FDE-41F2-9ED6-3953D0740242}.Ad-Hoc|iPhoneSimulator.ActiveCfg = Release|Any CPU
		{0444CFF9-0FDE-41F2-9ED6-3953D0740242}.Ad-Hoc|iPhoneSimulator.Build.0 = Release|Any CPU
		{0444CFF9-0FDE-41F2-9ED6-3953D0740242}.Ad-Hoc|iPhoneSimulator.Deploy.0 = Release|Any CPU
		{0444CFF9-0FDE-41F2-9ED6-3953D0740242}.AppStore|Any CPU.ActiveCfg = Release|Any CPU
		{0444CFF9-0FDE-41F2-9ED6-3953D0740242}.AppStore|Any CPU.Build.0 = Release|Any CPU
		{0444CFF9-0FDE-41F2-9ED6-3953D0740242}.AppStore|Any CPU.Deploy.0 = Release|Any CPU
		{0444CFF9-0FDE-41F2-9ED6-3953D0740242}.AppStore|iPhone.ActiveCfg = Release|Any CPU
		{0444CFF9-0FDE-41F2-9ED6-3953D0740242}.AppStore|iPhone.Build.0 = Release|Any CPU
		{0444CFF9-0FDE-41F2-9ED6-3953D0740242}.AppStore|iPhone.Deploy.0 = Release|Any CPU
		{0444CFF9-0FDE-41F2-9ED6-3953D0740242}.AppStore|iPhoneSimulator.ActiveCfg = Release|Any CPU
		{0444CFF9-0FDE-41F2-9ED6-3953D0740242}.AppStore|iPhoneSimulator.Build.0 = Release|Any CPU
		{0444CFF9-0FDE-41F2-9ED6-3953D0740242}.AppStore|iPhoneSimulator.Deploy.0 = Release|Any CPU
		{0444CFF9-0FDE-41F2-9ED6-3953D0740242}.Debug|Any CPU.ActiveCfg = Debug|Any CPU
		{0444CFF9-0FDE-41F2-9ED6-3953D0740242}.Debug|Any CPU.Build.0 = Debug|Any CPU
		{0444CFF9-0FDE-41F2-9ED6-3953D0740242}.Debug|Any CPU.Deploy.0 = Debug|Any CPU
		{0444CFF9-0FDE-41F2-9ED6-3953D0740242}.Debug|iPhone.ActiveCfg = Debug|Any CPU
		{0444CFF9-0FDE-41F2-9ED6-3953D0740242}.Debug|iPhone.Build.0 = Debug|Any CPU
		{0444CFF9-0FDE-41F2-9ED6-3953D0740242}.Debug|iPhone.Deploy.0 = Debug|Any CPU
		{0444CFF9-0FDE-41F2-9ED6-3953D0740242}.Debug|iPhoneSimulator.ActiveCfg = Debug|Any CPU
		{0444CFF9-0FDE-41F2-9ED6-3953D0740242}.Debug|iPhoneSimulator.Build.0 = Debug|Any CPU
		{0444CFF9-0FDE-41F2-9ED6-3953D0740242}.Debug|iPhoneSimulator.Deploy.0 = Debug|Any CPU
		{0444CFF9-0FDE-41F2-9ED6-3953D0740242}.Release|Any CPU.ActiveCfg = Release|Any CPU
		{0444CFF9-0FDE-41F2-9ED6-3953D0740242}.Release|Any CPU.Build.0 = Release|Any CPU
		{0444CFF9-0FDE-41F2-9ED6-3953D0740242}.Release|Any CPU.Deploy.0 = Release|Any CPU
		{0444CFF9-0FDE-41F2-9ED6-3953D0740242}.Release|iPhone.ActiveCfg = Release|Any CPU
		{0444CFF9-0FDE-41F2-9ED6-3953D0740242}.Release|iPhone.Build.0 = Release|Any CPU
		{0444CFF9-0FDE-41F2-9ED6-3953D0740242}.Release|iPhone.Deploy.0 = Release|Any CPU
		{0444CFF9-0FDE-41F2-9ED6-3953D0740242}.Release|iPhoneSimulator.ActiveCfg = Release|Any CPU
		{0444CFF9-0FDE-41F2-9ED6-3953D0740242}.Release|iPhoneSimulator.Build.0 = Release|Any CPU
		{0444CFF9-0FDE-41F2-9ED6-3953D0740242}.Release|iPhoneSimulator.Deploy.0 = Release|Any CPU
		{AC132517-A127-455A-9A6C-F45B4085A588}.Ad-Hoc|Any CPU.ActiveCfg = Ad-Hoc|iPhone
		{AC132517-A127-455A-9A6C-F45B4085A588}.Ad-Hoc|Any CPU.Build.0 = Ad-Hoc|iPhone
		{AC132517-A127-455A-9A6C-F45B4085A588}.Ad-Hoc|Any CPU.Deploy.0 = Ad-Hoc|iPhone
		{AC132517-A127-455A-9A6C-F45B4085A588}.Ad-Hoc|iPhone.ActiveCfg = Ad-Hoc|iPhone
		{AC132517-A127-455A-9A6C-F45B4085A588}.Ad-Hoc|iPhone.Build.0 = Ad-Hoc|iPhone
		{AC132517-A127-455A-9A6C-F45B4085A588}.Ad-Hoc|iPhone.Deploy.0 = Ad-Hoc|iPhone
		{AC132517-A127-455A-9A6C-F45B4085A588}.Ad-Hoc|iPhoneSimulator.ActiveCfg = Ad-Hoc|iPhoneSimulator
		{AC132517-A127-455A-9A6C-F45B4085A588}.Ad-Hoc|iPhoneSimulator.Build.0 = Ad-Hoc|iPhoneSimulator
		{AC132517-A127-455A-9A6C-F45B4085A588}.Ad-Hoc|iPhoneSimulator.Deploy.0 = Ad-Hoc|iPhoneSimulator
		{AC132517-A127-455A-9A6C-F45B4085A588}.AppStore|Any CPU.ActiveCfg = AppStore|iPhone
		{AC132517-A127-455A-9A6C-F45B4085A588}.AppStore|Any CPU.Build.0 = AppStore|iPhone
		{AC132517-A127-455A-9A6C-F45B4085A588}.AppStore|Any CPU.Deploy.0 = AppStore|iPhone
		{AC132517-A127-455A-9A6C-F45B4085A588}.AppStore|iPhone.ActiveCfg = AppStore|iPhone
		{AC132517-A127-455A-9A6C-F45B4085A588}.AppStore|iPhone.Build.0 = AppStore|iPhone
		{AC132517-A127-455A-9A6C-F45B4085A588}.AppStore|iPhone.Deploy.0 = AppStore|iPhone
		{AC132517-A127-455A-9A6C-F45B4085A588}.AppStore|iPhoneSimulator.ActiveCfg = AppStore|iPhoneSimulator
		{AC132517-A127-455A-9A6C-F45B4085A588}.AppStore|iPhoneSimulator.Build.0 = AppStore|iPhoneSimulator
		{AC132517-A127-455A-9A6C-F45B4085A588}.AppStore|iPhoneSimulator.Deploy.0 = AppStore|iPhoneSimulator
		{AC132517-A127-455A-9A6C-F45B4085A588}.Debug|Any CPU.ActiveCfg = Debug|iPhoneSimulator
		{AC132517-A127-455A-9A6C-F45B4085A588}.Debug|Any CPU.Build.0 = Debug|iPhoneSimulator
		{AC132517-A127-455A-9A6C-F45B4085A588}.Debug|Any CPU.Deploy.0 = Debug|iPhoneSimulator
		{AC132517-A127-455A-9A6C-F45B4085A588}.Debug|iPhone.ActiveCfg = Debug|iPhone
		{AC132517-A127-455A-9A6C-F45B4085A588}.Debug|iPhone.Build.0 = Debug|iPhone
		{AC132517-A127-455A-9A6C-F45B4085A588}.Debug|iPhone.Deploy.0 = Debug|iPhone
		{AC132517-A127-455A-9A6C-F45B4085A588}.Debug|iPhoneSimulator.ActiveCfg = Debug|iPhoneSimulator
		{AC132517-A127-455A-9A6C-F45B4085A588}.Debug|iPhoneSimulator.Build.0 = Debug|iPhoneSimulator
		{AC132517-A127-455A-9A6C-F45B4085A588}.Debug|iPhoneSimulator.Deploy.0 = Debug|iPhoneSimulator
		{AC132517-A127-455A-9A6C-F45B4085A588}.Release|Any CPU.ActiveCfg = Release|iPhone
		{AC132517-A127-455A-9A6C-F45B4085A588}.Release|Any CPU.Build.0 = Release|iPhone
		{AC132517-A127-455A-9A6C-F45B4085A588}.Release|Any CPU.Deploy.0 = Release|iPhone
		{AC132517-A127-455A-9A6C-F45B4085A588}.Release|iPhone.ActiveCfg = Release|iPhone
		{AC132517-A127-455A-9A6C-F45B4085A588}.Release|iPhone.Build.0 = Release|iPhone
		{AC132517-A127-455A-9A6C-F45B4085A588}.Release|iPhone.Deploy.0 = Release|iPhone
		{AC132517-A127-455A-9A6C-F45B4085A588}.Release|iPhoneSimulator.ActiveCfg = Release|iPhoneSimulator
		{AC132517-A127-455A-9A6C-F45B4085A588}.Release|iPhoneSimulator.Build.0 = Release|iPhoneSimulator
		{AC132517-A127-455A-9A6C-F45B4085A588}.Release|iPhoneSimulator.Deploy.0 = Release|iPhoneSimulator
		{FA273545-8524-4098-9C50-4689EEF505BE}.Ad-Hoc|Any CPU.ActiveCfg = Debug|Any CPU
		{FA273545-8524-4098-9C50-4689EEF505BE}.Ad-Hoc|Any CPU.Build.0 = Debug|Any CPU
		{FA273545-8524-4098-9C50-4689EEF505BE}.Ad-Hoc|Any CPU.Deploy.0 = Debug|Any CPU
		{FA273545-8524-4098-9C50-4689EEF505BE}.Ad-Hoc|iPhone.ActiveCfg = Debug|Any CPU
		{FA273545-8524-4098-9C50-4689EEF505BE}.Ad-Hoc|iPhone.Build.0 = Debug|Any CPU
		{FA273545-8524-4098-9C50-4689EEF505BE}.Ad-Hoc|iPhone.Deploy.0 = Debug|Any CPU
		{FA273545-8524-4098-9C50-4689EEF505BE}.Ad-Hoc|iPhoneSimulator.ActiveCfg = Debug|Any CPU
		{FA273545-8524-4098-9C50-4689EEF505BE}.Ad-Hoc|iPhoneSimulator.Build.0 = Debug|Any CPU
		{FA273545-8524-4098-9C50-4689EEF505BE}.Ad-Hoc|iPhoneSimulator.Deploy.0 = Debug|Any CPU
		{FA273545-8524-4098-9C50-4689EEF505BE}.AppStore|Any CPU.ActiveCfg = Debug|Any CPU
		{FA273545-8524-4098-9C50-4689EEF505BE}.AppStore|Any CPU.Build.0 = Debug|Any CPU
		{FA273545-8524-4098-9C50-4689EEF505BE}.AppStore|Any CPU.Deploy.0 = Debug|Any CPU
		{FA273545-8524-4098-9C50-4689EEF505BE}.AppStore|iPhone.ActiveCfg = Debug|Any CPU
		{FA273545-8524-4098-9C50-4689EEF505BE}.AppStore|iPhone.Build.0 = Debug|Any CPU
		{FA273545-8524-4098-9C50-4689EEF505BE}.AppStore|iPhone.Deploy.0 = Debug|Any CPU
		{FA273545-8524-4098-9C50-4689EEF505BE}.AppStore|iPhoneSimulator.ActiveCfg = Debug|Any CPU
		{FA273545-8524-4098-9C50-4689EEF505BE}.AppStore|iPhoneSimulator.Build.0 = Debug|Any CPU
		{FA273545-8524-4098-9C50-4689EEF505BE}.AppStore|iPhoneSimulator.Deploy.0 = Debug|Any CPU
		{FA273545-8524-4098-9C50-4689EEF505BE}.Debug|Any CPU.ActiveCfg = Debug|Any CPU
		{FA273545-8524-4098-9C50-4689EEF505BE}.Debug|Any CPU.Build.0 = Debug|Any CPU
		{FA273545-8524-4098-9C50-4689EEF505BE}.Debug|Any CPU.Deploy.0 = Debug|Any CPU
		{FA273545-8524-4098-9C50-4689EEF505BE}.Debug|iPhone.ActiveCfg = Debug|Any CPU
		{FA273545-8524-4098-9C50-4689EEF505BE}.Debug|iPhone.Build.0 = Debug|Any CPU
		{FA273545-8524-4098-9C50-4689EEF505BE}.Debug|iPhone.Deploy.0 = Debug|Any CPU
		{FA273545-8524-4098-9C50-4689EEF505BE}.Debug|iPhoneSimulator.ActiveCfg = Debug|Any CPU
		{FA273545-8524-4098-9C50-4689EEF505BE}.Debug|iPhoneSimulator.Build.0 = Debug|Any CPU
		{FA273545-8524-4098-9C50-4689EEF505BE}.Debug|iPhoneSimulator.Deploy.0 = Debug|Any CPU
		{FA273545-8524-4098-9C50-4689EEF505BE}.Release|Any CPU.ActiveCfg = Release|Any CPU
		{FA273545-8524-4098-9C50-4689EEF505BE}.Release|Any CPU.Build.0 = Release|Any CPU
		{FA273545-8524-4098-9C50-4689EEF505BE}.Release|Any CPU.Deploy.0 = Release|Any CPU
		{FA273545-8524-4098-9C50-4689EEF505BE}.Release|iPhone.ActiveCfg = Release|Any CPU
		{FA273545-8524-4098-9C50-4689EEF505BE}.Release|iPhone.Build.0 = Release|Any CPU
		{FA273545-8524-4098-9C50-4689EEF505BE}.Release|iPhone.Deploy.0 = Release|Any CPU
		{FA273545-8524-4098-9C50-4689EEF505BE}.Release|iPhoneSimulator.ActiveCfg = Release|Any CPU
		{FA273545-8524-4098-9C50-4689EEF505BE}.Release|iPhoneSimulator.Build.0 = Release|Any CPU
		{FA273545-8524-4098-9C50-4689EEF505BE}.Release|iPhoneSimulator.Deploy.0 = Release|Any CPU
	EndGlobalSection
	GlobalSection(SolutionProperties) = preSolution
		HideSolutionNode = FALSE
	EndGlobalSection
	GlobalSection(ExtensibilityGlobals) = postSolution
		SolutionGuid = {FE818683-F4F1-4270-B01E-F9D2CEFE71D8}
	EndGlobalSection
EndGlobal
